// !$*UTF8*$!
{
	archiveVersion = 1;
	classes = {
	};
	objectVersion = 56;
	objects = {

/* Begin PBXBuildFile section */
		1437843929107B63006ECACD /* RecipesApp.swift in Sources */ = {isa = PBXBuildFile; fileRef = 1437843829107B63006ECACD /* RecipesApp.swift */; };
		1437843D29107B67006ECACD /* Assets.xcassets in Resources */ = {isa = PBXBuildFile; fileRef = 1437843C29107B67006ECACD /* Assets.xcassets */; };
		1437844729107F6E006ECACD /* SplashView.swift in Sources */ = {isa = PBXBuildFile; fileRef = 1437844629107F6E006ECACD /* SplashView.swift */; };
		1437844D29108BA7006ECACD /* RecipeListView.swift in Sources */ = {isa = PBXBuildFile; fileRef = 1437844C29108BA7006ECACD /* RecipeListView.swift */; };
		143784512910A0AA006ECACD /* Recipe.swift in Sources */ = {isa = PBXBuildFile; fileRef = 143784502910A0AA006ECACD /* Recipe.swift */; };
		143784532910A298006ECACD /* APIService.swift in Sources */ = {isa = PBXBuildFile; fileRef = 143784522910A298006ECACD /* APIService.swift */; };
		143784552910A2C7006ECACD /* Error+Networking.swift in Sources */ = {isa = PBXBuildFile; fileRef = 143784542910A2C7006ECACD /* Error+Networking.swift */; };
		143784572910A53A006ECACD /* RecipesService.swift in Sources */ = {isa = PBXBuildFile; fileRef = 143784562910A53A006ECACD /* RecipesService.swift */; };
		143784592910ADBA006ECACD /* RecipeListViewModel.swift in Sources */ = {isa = PBXBuildFile; fileRef = 143784582910ADBA006ECACD /* RecipeListViewModel.swift */; };
		143784612910BE3D006ECACD /* RecipeCard.swift in Sources */ = {isa = PBXBuildFile; fileRef = 143784602910BE3D006ECACD /* RecipeCard.swift */; };
		14C5C1DB2910D8510035AE93 /* Icons.swift in Sources */ = {isa = PBXBuildFile; fileRef = 14C5C1DA2910D8510035AE93 /* Icons.swift */; };
		14C5C1DD291102C30035AE93 /* RecipeDetailView.swift in Sources */ = {isa = PBXBuildFile; fileRef = 14C5C1DC291102C30035AE93 /* RecipeDetailView.swift */; };
		14C5C1DF2911035F0035AE93 /* RecipeDetailService.swift in Sources */ = {isa = PBXBuildFile; fileRef = 14C5C1DE2911035F0035AE93 /* RecipeDetailService.swift */; };
		14C5C1E1291104200035AE93 /* RecipeDetail.swift in Sources */ = {isa = PBXBuildFile; fileRef = 14C5C1E0291104200035AE93 /* RecipeDetail.swift */; };
		14C5C1E3291106450035AE93 /* RecipeDetailViewModel.swift in Sources */ = {isa = PBXBuildFile; fileRef = 14C5C1E2291106450035AE93 /* RecipeDetailViewModel.swift */; };
		14C5C1E629113CC20035AE93 /* ViewModifiers.swift in Sources */ = {isa = PBXBuildFile; fileRef = 14C5C1E529113CC20035AE93 /* ViewModifiers.swift */; };
/* End PBXBuildFile section */

/* Begin PBXFileReference section */
		1437843529107B63006ECACD /* RecipesApp.app */ = {isa = PBXFileReference; explicitFileType = wrapper.application; includeInIndex = 0; path = RecipesApp.app; sourceTree = BUILT_PRODUCTS_DIR; };
		1437843829107B63006ECACD /* RecipesApp.swift */ = {isa = PBXFileReference; lastKnownFileType = sourcecode.swift; path = RecipesApp.swift; sourceTree = "<group>"; };
		1437843C29107B67006ECACD /* Assets.xcassets */ = {isa = PBXFileReference; lastKnownFileType = folder.assetcatalog; path = Assets.xcassets; sourceTree = "<group>"; };
		1437844629107F6E006ECACD /* SplashView.swift */ = {isa = PBXFileReference; lastKnownFileType = sourcecode.swift; path = SplashView.swift; sourceTree = "<group>"; };
		1437844C29108BA7006ECACD /* RecipeListView.swift */ = {isa = PBXFileReference; lastKnownFileType = sourcecode.swift; path = RecipeListView.swift; sourceTree = "<group>"; };
		143784502910A0AA006ECACD /* Recipe.swift */ = {isa = PBXFileReference; lastKnownFileType = sourcecode.swift; path = Recipe.swift; sourceTree = "<group>"; };
		143784522910A298006ECACD /* APIService.swift */ = {isa = PBXFileReference; lastKnownFileType = sourcecode.swift; path = APIService.swift; sourceTree = "<group>"; };
		143784542910A2C7006ECACD /* Error+Networking.swift */ = {isa = PBXFileReference; lastKnownFileType = sourcecode.swift; path = "Error+Networking.swift"; sourceTree = "<group>"; };
		143784562910A53A006ECACD /* RecipesService.swift */ = {isa = PBXFileReference; lastKnownFileType = sourcecode.swift; path = RecipesService.swift; sourceTree = "<group>"; };
		143784582910ADBA006ECACD /* RecipeListViewModel.swift */ = {isa = PBXFileReference; lastKnownFileType = sourcecode.swift; path = RecipeListViewModel.swift; sourceTree = "<group>"; };
		1437845A2910B1E6006ECACD /* Info.plist */ = {isa = PBXFileReference; lastKnownFileType = text.plist; path = Info.plist; sourceTree = "<group>"; };
		143784602910BE3D006ECACD /* RecipeCard.swift */ = {isa = PBXFileReference; lastKnownFileType = sourcecode.swift; path = RecipeCard.swift; sourceTree = "<group>"; };
		14C5C1DA2910D8510035AE93 /* Icons.swift */ = {isa = PBXFileReference; lastKnownFileType = sourcecode.swift; path = Icons.swift; sourceTree = "<group>"; };
		14C5C1DC291102C30035AE93 /* RecipeDetailView.swift */ = {isa = PBXFileReference; lastKnownFileType = sourcecode.swift; path = RecipeDetailView.swift; sourceTree = "<group>"; };
		14C5C1DE2911035F0035AE93 /* RecipeDetailService.swift */ = {isa = PBXFileReference; lastKnownFileType = sourcecode.swift; path = RecipeDetailService.swift; sourceTree = "<group>"; };
		14C5C1E0291104200035AE93 /* RecipeDetail.swift */ = {isa = PBXFileReference; lastKnownFileType = sourcecode.swift; path = RecipeDetail.swift; sourceTree = "<group>"; };
		14C5C1E2291106450035AE93 /* RecipeDetailViewModel.swift */ = {isa = PBXFileReference; lastKnownFileType = sourcecode.swift; path = RecipeDetailViewModel.swift; sourceTree = "<group>"; };
		14C5C1E529113CC20035AE93 /* ViewModifiers.swift */ = {isa = PBXFileReference; lastKnownFileType = sourcecode.swift; path = ViewModifiers.swift; sourceTree = "<group>"; };
/* End PBXFileReference section */

/* Begin PBXFrameworksBuildPhase section */
		1437843229107B63006ECACD /* Frameworks */ = {
			isa = PBXFrameworksBuildPhase;
			buildActionMask = 2147483647;
			files = (
			);
			runOnlyForDeploymentPostprocessing = 0;
		};
/* End PBXFrameworksBuildPhase section */

/* Begin PBXGroup section */
		1437842C29107B63006ECACD = {
			isa = PBXGroup;
			children = (
				1437843729107B63006ECACD /* RecipesApp */,
				1437843629107B63006ECACD /* Products */,
			);
			sourceTree = "<group>";
		};
		1437843629107B63006ECACD /* Products */ = {
			isa = PBXGroup;
			children = (
				1437843529107B63006ECACD /* RecipesApp.app */,
			);
			name = Products;
			sourceTree = "<group>";
		};
		1437843729107B63006ECACD /* RecipesApp */ = {
			isa = PBXGroup;
			children = (
				1437845A2910B1E6006ECACD /* Info.plist */,
				1437843829107B63006ECACD /* RecipesApp.swift */,
				1437844F2910A095006ECACD /* Data */,
				1437844E291098F3006ECACD /* Networking */,
				1437845D2910BD98006ECACD /* Util */,
				14378449291080F5006ECACD /* ViewModels */,
				14378448291080EA006ECACD /* Views */,
				14C5C1E429113C6C0035AE93 /* ViewModifiers */,
				1437843C29107B67006ECACD /* Assets.xcassets */,
			);
			path = RecipesApp;
			sourceTree = "<group>";
		};
		14378448291080EA006ECACD /* Views */ = {
			isa = PBXGroup;
			children = (
				1437844629107F6E006ECACD /* SplashView.swift */,
				1437844C29108BA7006ECACD /* RecipeListView.swift */,
				143784602910BE3D006ECACD /* RecipeCard.swift */,
				14C5C1DC291102C30035AE93 /* RecipeDetailView.swift */,
			);
			path = Views;
			sourceTree = "<group>";
		};
		14378449291080F5006ECACD /* ViewModels */ = {
			isa = PBXGroup;
			children = (
				143784582910ADBA006ECACD /* RecipeListViewModel.swift */,
				14C5C1E2291106450035AE93 /* RecipeDetailViewModel.swift */,
			);
			path = ViewModels;
			sourceTree = "<group>";
		};
		1437844E291098F3006ECACD /* Networking */ = {
			isa = PBXGroup;
			children = (
				143784522910A298006ECACD /* APIService.swift */,
				143784542910A2C7006ECACD /* Error+Networking.swift */,
				143784562910A53A006ECACD /* RecipesService.swift */,
				14C5C1DE2911035F0035AE93 /* RecipeDetailService.swift */,
			);
			path = Networking;
			sourceTree = "<group>";
		};
		1437844F2910A095006ECACD /* Data */ = {
			isa = PBXGroup;
			children = (
				143784502910A0AA006ECACD /* Recipe.swift */,
				14C5C1E0291104200035AE93 /* RecipeDetail.swift */,
			);
			path = Data;
			sourceTree = "<group>";
		};
		1437845D2910BD98006ECACD /* Util */ = {
			isa = PBXGroup;
			children = (
				14C5C1DA2910D8510035AE93 /* Icons.swift */,
			);
			path = Util;
			sourceTree = "<group>";
		};
		14C5C1E429113C6C0035AE93 /* ViewModifiers */ = {
			isa = PBXGroup;
			children = (
				14C5C1E529113CC20035AE93 /* ViewModifiers.swift */,
			);
			path = ViewModifiers;
			sourceTree = "<group>";
		};
/* End PBXGroup section */

/* Begin PBXNativeTarget section */
		1437843429107B63006ECACD /* RecipesApp */ = {
			isa = PBXNativeTarget;
			buildConfigurationList = 1437844329107B67006ECACD /* Build configuration list for PBXNativeTarget "RecipesApp" */;
			buildPhases = (
				1437843129107B63006ECACD /* Sources */,
				1437843229107B63006ECACD /* Frameworks */,
				1437843329107B63006ECACD /* Resources */,
			);
			buildRules = (
			);
			dependencies = (
			);
			name = RecipesApp;
			productName = RecipesApp;
			productReference = 1437843529107B63006ECACD /* RecipesApp.app */;
			productType = "com.apple.product-type.application";
		};
/* End PBXNativeTarget section */

/* Begin PBXProject section */
		1437842D29107B63006ECACD /* Project object */ = {
			isa = PBXProject;
			attributes = {
				BuildIndependentTargetsInParallel = 1;
				LastSwiftUpdateCheck = 1400;
				LastUpgradeCheck = 1400;
				TargetAttributes = {
					1437843429107B63006ECACD = {
						CreatedOnToolsVersion = 14.0.1;
					};
				};
			};
			buildConfigurationList = 1437843029107B63006ECACD /* Build configuration list for PBXProject "RecipesApp" */;
			compatibilityVersion = "Xcode 14.0";
			developmentRegion = en;
			hasScannedForEncodings = 0;
			knownRegions = (
				en,
				Base,
			);
			mainGroup = 1437842C29107B63006ECACD;
			productRefGroup = 1437843629107B63006ECACD /* Products */;
			projectDirPath = "";
			projectRoot = "";
			targets = (
				1437843429107B63006ECACD /* RecipesApp */,
			);
		};
/* End PBXProject section */

/* Begin PBXResourcesBuildPhase section */
		1437843329107B63006ECACD /* Resources */ = {
			isa = PBXResourcesBuildPhase;
			buildActionMask = 2147483647;
			files = (
				1437843D29107B67006ECACD /* Assets.xcassets in Resources */,
			);
			runOnlyForDeploymentPostprocessing = 0;
		};
/* End PBXResourcesBuildPhase section */

/* Begin PBXSourcesBuildPhase section */
		1437843129107B63006ECACD /* Sources */ = {
			isa = PBXSourcesBuildPhase;
			buildActionMask = 2147483647;
			files = (
				1437843929107B63006ECACD /* RecipesApp.swift in Sources */,
				143784532910A298006ECACD /* APIService.swift in Sources */,
				1437844729107F6E006ECACD /* SplashView.swift in Sources */,
				14C5C1DF2911035F0035AE93 /* RecipeDetailService.swift in Sources */,
				1437844D29108BA7006ECACD /* RecipeListView.swift in Sources */,
				14C5C1DD291102C30035AE93 /* RecipeDetailView.swift in Sources */,
				143784592910ADBA006ECACD /* RecipeListViewModel.swift in Sources */,
				14C5C1DB2910D8510035AE93 /* Icons.swift in Sources */,
				14C5C1E3291106450035AE93 /* RecipeDetailViewModel.swift in Sources */,
				14C5C1E1291104200035AE93 /* RecipeDetail.swift in Sources */,
				14C5C1E629113CC20035AE93 /* ViewModifiers.swift in Sources */,
				143784552910A2C7006ECACD /* Error+Networking.swift in Sources */,
				143784512910A0AA006ECACD /* Recipe.swift in Sources */,
				143784612910BE3D006ECACD /* RecipeCard.swift in Sources */,
				143784572910A53A006ECACD /* RecipesService.swift in Sources */,
			);
			runOnlyForDeploymentPostprocessing = 0;
		};
/* End PBXSourcesBuildPhase section */

/* Begin XCBuildConfiguration section */
		1437844129107B67006ECACD /* Debug */ = {
			isa = XCBuildConfiguration;
			buildSettings = {
				ALWAYS_SEARCH_USER_PATHS = NO;
				CLANG_ANALYZER_NONNULL = YES;
				CLANG_ANALYZER_NUMBER_OBJECT_CONVERSION = YES_AGGRESSIVE;
				CLANG_CXX_LANGUAGE_STANDARD = "gnu++20";
				CLANG_ENABLE_MODULES = YES;
				CLANG_ENABLE_OBJC_ARC = YES;
				CLANG_ENABLE_OBJC_WEAK = YES;
				CLANG_WARN_BLOCK_CAPTURE_AUTORELEASING = YES;
				CLANG_WARN_BOOL_CONVERSION = YES;
				CLANG_WARN_COMMA = YES;
				CLANG_WARN_CONSTANT_CONVERSION = YES;
				CLANG_WARN_DEPRECATED_OBJC_IMPLEMENTATIONS = YES;
				CLANG_WARN_DIRECT_OBJC_ISA_USAGE = YES_ERROR;
				CLANG_WARN_DOCUMENTATION_COMMENTS = YES;
				CLANG_WARN_EMPTY_BODY = YES;
				CLANG_WARN_ENUM_CONVERSION = YES;
				CLANG_WARN_INFINITE_RECURSION = YES;
				CLANG_WARN_INT_CONVERSION = YES;
				CLANG_WARN_NON_LITERAL_NULL_CONVERSION = YES;
				CLANG_WARN_OBJC_IMPLICIT_RETAIN_SELF = YES;
				CLANG_WARN_OBJC_LITERAL_CONVERSION = YES;
				CLANG_WARN_OBJC_ROOT_CLASS = YES_ERROR;
				CLANG_WARN_QUOTED_INCLUDE_IN_FRAMEWORK_HEADER = YES;
				CLANG_WARN_RANGE_LOOP_ANALYSIS = YES;
				CLANG_WARN_STRICT_PROTOTYPES = YES;
				CLANG_WARN_SUSPICIOUS_MOVE = YES;
				CLANG_WARN_UNGUARDED_AVAILABILITY = YES_AGGRESSIVE;
				CLANG_WARN_UNREACHABLE_CODE = YES;
				CLANG_WARN__DUPLICATE_METHOD_MATCH = YES;
				COPY_PHASE_STRIP = NO;
				DEBUG_INFORMATION_FORMAT = dwarf;
				ENABLE_STRICT_OBJC_MSGSEND = YES;
				ENABLE_TESTABILITY = YES;
				GCC_C_LANGUAGE_STANDARD = gnu11;
				GCC_DYNAMIC_NO_PIC = NO;
				GCC_NO_COMMON_BLOCKS = YES;
				GCC_OPTIMIZATION_LEVEL = 0;
				GCC_PREPROCESSOR_DEFINITIONS = (
					"DEBUG=1",
					"$(inherited)",
				);
				GCC_WARN_64_TO_32_BIT_CONVERSION = YES;
				GCC_WARN_ABOUT_RETURN_TYPE = YES_ERROR;
				GCC_WARN_UNDECLARED_SELECTOR = YES;
				GCC_WARN_UNINITIALIZED_AUTOS = YES_AGGRESSIVE;
				GCC_WARN_UNUSED_FUNCTION = YES;
				GCC_WARN_UNUSED_VARIABLE = YES;
				IPHONEOS_DEPLOYMENT_TARGET = 16.0;
				MTL_ENABLE_DEBUG_INFO = INCLUDE_SOURCE;
				MTL_FAST_MATH = YES;
				ONLY_ACTIVE_ARCH = YES;
				SDKROOT = iphoneos;
				SWIFT_ACTIVE_COMPILATION_CONDITIONS = DEBUG;
				SWIFT_OPTIMIZATION_LEVEL = "-Onone";
			};
			name = Debug;
		};
		1437844229107B67006ECACD /* Release */ = {
			isa = XCBuildConfiguration;
			buildSettings = {
				ALWAYS_SEARCH_USER_PATHS = NO;
				CLANG_ANALYZER_NONNULL = YES;
				CLANG_ANALYZER_NUMBER_OBJECT_CONVERSION = YES_AGGRESSIVE;
				CLANG_CXX_LANGUAGE_STANDARD = "gnu++20";
				CLANG_ENABLE_MODULES = YES;
				CLANG_ENABLE_OBJC_ARC = YES;
				CLANG_ENABLE_OBJC_WEAK = YES;
				CLANG_WARN_BLOCK_CAPTURE_AUTORELEASING = YES;
				CLANG_WARN_BOOL_CONVERSION = YES;
				CLANG_WARN_COMMA = YES;
				CLANG_WARN_CONSTANT_CONVERSION = YES;
				CLANG_WARN_DEPRECATED_OBJC_IMPLEMENTATIONS = YES;
				CLANG_WARN_DIRECT_OBJC_ISA_USAGE = YES_ERROR;
				CLANG_WARN_DOCUMENTATION_COMMENTS = YES;
				CLANG_WARN_EMPTY_BODY = YES;
				CLANG_WARN_ENUM_CONVERSION = YES;
				CLANG_WARN_INFINITE_RECURSION = YES;
				CLANG_WARN_INT_CONVERSION = YES;
				CLANG_WARN_NON_LITERAL_NULL_CONVERSION = YES;
				CLANG_WARN_OBJC_IMPLICIT_RETAIN_SELF = YES;
				CLANG_WARN_OBJC_LITERAL_CONVERSION = YES;
				CLANG_WARN_OBJC_ROOT_CLASS = YES_ERROR;
				CLANG_WARN_QUOTED_INCLUDE_IN_FRAMEWORK_HEADER = YES;
				CLANG_WARN_RANGE_LOOP_ANALYSIS = YES;
				CLANG_WARN_STRICT_PROTOTYPES = YES;
				CLANG_WARN_SUSPICIOUS_MOVE = YES;
				CLANG_WARN_UNGUARDED_AVAILABILITY = YES_AGGRESSIVE;
				CLANG_WARN_UNREACHABLE_CODE = YES;
				CLANG_WARN__DUPLICATE_METHOD_MATCH = YES;
				COPY_PHASE_STRIP = NO;
				DEBUG_INFORMATION_FORMAT = "dwarf-with-dsym";
				ENABLE_NS_ASSERTIONS = NO;
				ENABLE_STRICT_OBJC_MSGSEND = YES;
				GCC_C_LANGUAGE_STANDARD = gnu11;
				GCC_NO_COMMON_BLOCKS = YES;
				GCC_WARN_64_TO_32_BIT_CONVERSION = YES;
				GCC_WARN_ABOUT_RETURN_TYPE = YES_ERROR;
				GCC_WARN_UNDECLARED_SELECTOR = YES;
				GCC_WARN_UNINITIALIZED_AUTOS = YES_AGGRESSIVE;
				GCC_WARN_UNUSED_FUNCTION = YES;
				GCC_WARN_UNUSED_VARIABLE = YES;
				IPHONEOS_DEPLOYMENT_TARGET = 16.0;
				MTL_ENABLE_DEBUG_INFO = NO;
				MTL_FAST_MATH = YES;
				SDKROOT = iphoneos;
				SWIFT_COMPILATION_MODE = wholemodule;
				SWIFT_OPTIMIZATION_LEVEL = "-O";
				VALIDATE_PRODUCT = YES;
			};
			name = Release;
		};
		1437844429107B67006ECACD /* Debug */ = {
			isa = XCBuildConfiguration;
			buildSettings = {
				ASSETCATALOG_COMPILER_APPICON_NAME = AppIcon;
				ASSETCATALOG_COMPILER_GLOBAL_ACCENT_COLOR_NAME = AccentColor;
				CODE_SIGN_STYLE = Automatic;
				CURRENT_PROJECT_VERSION = 1;
				DEVELOPMENT_ASSET_PATHS = "";
				DEVELOPMENT_TEAM = "";
				ENABLE_PREVIEWS = YES;
				GENERATE_INFOPLIST_FILE = YES;
				INFOPLIST_FILE = RecipesApp/Info.plist;
				INFOPLIST_KEY_UIApplicationSceneManifest_Generation = YES;
				INFOPLIST_KEY_UIApplicationSupportsIndirectInputEvents = YES;
				INFOPLIST_KEY_UILaunchScreen_Generation = YES;
				INFOPLIST_KEY_UISupportedInterfaceOrientations_iPad = "UIInterfaceOrientationPortrait UIInterfaceOrientationPortraitUpsideDown UIInterfaceOrientationLandscapeLeft UIInterfaceOrientationLandscapeRight";
				INFOPLIST_KEY_UISupportedInterfaceOrientations_iPhone = "UIInterfaceOrientationPortrait UIInterfaceOrientationLandscapeLeft UIInterfaceOrientationLandscapeRight";
				LD_RUNPATH_SEARCH_PATHS = (
					"$(inherited)",
					"@executable_path/Frameworks",
				);
				MARKETING_VERSION = 1.0;
				PRODUCT_BUNDLE_IDENTIFIER = DiegoMazo.RecipesApp;
				PRODUCT_NAME = "$(TARGET_NAME)";
				SWIFT_EMIT_LOC_STRINGS = YES;
				SWIFT_VERSION = 5.0;
				TARGETED_DEVICE_FAMILY = "1,2";
			};
			name = Debug;
		};
		1437844529107B67006ECACD /* Release */ = {
			isa = XCBuildConfiguration;
			buildSettings = {
				ASSETCATALOG_COMPILER_APPICON_NAME = AppIcon;
				ASSETCATALOG_COMPILER_GLOBAL_ACCENT_COLOR_NAME = AccentColor;
				CODE_SIGN_STYLE = Automatic;
				CURRENT_PROJECT_VERSION = 1;
				DEVELOPMENT_ASSET_PATHS = "";
				DEVELOPMENT_TEAM = "";
				ENABLE_PREVIEWS = YES;
				GENERATE_INFOPLIST_FILE = YES;
				INFOPLIST_FILE = RecipesApp/Info.plist;
				INFOPLIST_KEY_UIApplicationSceneManifest_Generation = YES;
				INFOPLIST_KEY_UIApplicationSupportsIndirectInputEvents = YES;
				INFOPLIST_KEY_UILaunchScreen_Generation = YES;
				INFOPLIST_KEY_UISupportedInterfaceOrientations_iPad = "UIInterfaceOrientationPortrait UIInterfaceOrientationPortraitUpsideDown UIInterfaceOrientationLandscapeLeft UIInterfaceOrientationLandscapeRight";
				INFOPLIST_KEY_UISupportedInterfaceOrientations_iPhone = "UIInterfaceOrientationPortrait UIInterfaceOrientationLandscapeLeft UIInterfaceOrientationLandscapeRight";
				LD_RUNPATH_SEARCH_PATHS = (
					"$(inherited)",
					"@executable_path/Frameworks",
				);
				MARKETING_VERSION = 1.0;
				PRODUCT_BUNDLE_IDENTIFIER = DiegoMazo.RecipesApp;
				PRODUCT_NAME = "$(TARGET_NAME)";
				SWIFT_EMIT_LOC_STRINGS = YES;
				SWIFT_VERSION = 5.0;
				TARGETED_DEVICE_FAMILY = "1,2";
			};
			name = Release;
		};
/* End XCBuildConfiguration section */

/* Begin XCConfigurationList section */
		1437843029107B63006ECACD /* Build configuration list for PBXProject "RecipesApp" */ = {
			isa = XCConfigurationList;
			buildConfigurations = (
				1437844129107B67006ECACD /* Debug */,
				1437844229107B67006ECACD /* Release */,
			);
			defaultConfigurationIsVisible = 0;
			defaultConfigurationName = Release;
		};
		1437844329107B67006ECACD /* Build configuration list for PBXNativeTarget "RecipesApp" */ = {
			isa = XCConfigurationList;
			buildConfigurations = (
				1437844429107B67006ECACD /* Debug */,
				1437844529107B67006ECACD /* Release */,
			);
			defaultConfigurationIsVisible = 0;
			defaultConfigurationName = Release;
		};
/* End XCConfigurationList section */
	};
	rootObject = 1437842D29107B63006ECACD /* Project object */;
}
